{
  "name": "WorkShop2",
  "lockfileVersion": 2,
  "requires": true,
  "packages": {
    "": {
      "dependencies": {
        "jquery": "^3.6.1",
        "sammy": "^0.7.6"
      }
    },
    "node_modules/jquery": {
      "version": "3.6.1",
      "resolved": "https://registry.npmjs.org/jquery/-/jquery-3.6.1.tgz",
      "integrity": "sha512-opJeO4nCucVnsjiXOE+/PcCgYw9Gwpvs/a6B1LL/lQhwWwpbVEVYDZ1FokFr8PRc7ghYlrFPuyHuiiDNTQxmcw=="
    },
    "node_modules/sammy": {
      "version": "0.7.6",
      "resolved": "https://registry.npmjs.org/sammy/-/sammy-0.7.6.tgz",
      "integrity": "sha512-ireRN731zMSJBmzFg2Ef9c1NwD4ExFQhOjbjot5GtuCn2x+aFgQN8mMKiOM8MRGBkXnZ9XhEk0AyI68Ds5H+Xw=="
    }
  },
  "dependencies": {
    "jquery": {
      "version": "3.6.1",
      "resolved": "https://registry.npmjs.org/jquery/-/jquery-3.6.1.tgz",
      "integrity": "sha512-opJeO4nCucVnsjiXOE+/PcCgYw9Gwpvs/a6B1LL/lQhwWwpbVEVYDZ1FokFr8PRc7ghYlrFPuyHuiiDNTQxmcw=="
    },
    "sammy": {
      "version": "0.7.6",
      "resolved": "https://registry.npmjs.org/sammy/-/sammy-0.7.6.tgz",
      "integrity": "sha512-ireRN731zMSJBmzFg2Ef9c1NwD4ExFQhOjbjot5GtuCn2x+aFgQN8mMKiOM8MRGBkXnZ9XhEk0AyI68Ds5H+Xw=="
    }
  }
}
